// !$*UTF8*$!
{
	archiveVersion = 1;
	classes = {
	};
	objectVersion = 56;
	objects = {

/* Begin PBXBuildFile section */
		215402692C82EEC50067CF8D /* TodoListApp.swift in Sources */ = {isa = PBXBuildFile; fileRef = 215402682C82EEC50067CF8D /* TodoListApp.swift */; };
		2154026B2C82EEC50067CF8D /* ContentView.swift in Sources */ = {isa = PBXBuildFile; fileRef = 2154026A2C82EEC50067CF8D /* ContentView.swift */; };
		2154026D2C82EEC50067CF8D /* Item.swift in Sources */ = {isa = PBXBuildFile; fileRef = 2154026C2C82EEC50067CF8D /* Item.swift */; };
		2154026F2C82EEC60067CF8D /* Assets.xcassets in Resources */ = {isa = PBXBuildFile; fileRef = 2154026E2C82EEC60067CF8D /* Assets.xcassets */; };
		215402722C82EEC60067CF8D /* Preview Assets.xcassets in Resources */ = {isa = PBXBuildFile; fileRef = 215402712C82EEC60067CF8D /* Preview Assets.xcassets */; };
		2154027C2C82EEC60067CF8D /* TodoListTests.swift in Sources */ = {isa = PBXBuildFile; fileRef = 2154027B2C82EEC60067CF8D /* TodoListTests.swift */; };
		215402862C82EEC60067CF8D /* TodoListUITests.swift in Sources */ = {isa = PBXBuildFile; fileRef = 215402852C82EEC60067CF8D /* TodoListUITests.swift */; };
		215402882C82EEC60067CF8D /* TodoListUITestsLaunchTests.swift in Sources */ = {isa = PBXBuildFile; fileRef = 215402872C82EEC60067CF8D /* TodoListUITestsLaunchTests.swift */; };
		215402962C82EFBF0067CF8D /* TodoDetailView.swift in Sources */ = {isa = PBXBuildFile; fileRef = 215402952C82EFBF0067CF8D /* TodoDetailView.swift */; };
		215402982C82EFD20067CF8D /* TodoFormView.swift in Sources */ = {isa = PBXBuildFile; fileRef = 215402972C82EFD20067CF8D /* TodoFormView.swift */; };
		2154029A2C82EFDF0067CF8D /* TodoItemView.swift in Sources */ = {isa = PBXBuildFile; fileRef = 215402992C82EFDF0067CF8D /* TodoItemView.swift */; };
		2154029C2C82EFF50067CF8D /* TodoListView.swift in Sources */ = {isa = PBXBuildFile; fileRef = 2154029B2C82EFF50067CF8D /* TodoListView.swift */; };
		2154029F2C82F0150067CF8D /* TodoItem.swift in Sources */ = {isa = PBXBuildFile; fileRef = 2154029E2C82F0150067CF8D /* TodoItem.swift */; };
/* End PBXBuildFile section */

/* Begin PBXContainerItemProxy section */
		215402782C82EEC60067CF8D /* PBXContainerItemProxy */ = {
			isa = PBXContainerItemProxy;
			containerPortal = 2154025D2C82EEC50067CF8D /* Project object */;
			proxyType = 1;
			remoteGlobalIDString = 215402642C82EEC50067CF8D;
			remoteInfo = TodoList;
		};
		215402822C82EEC60067CF8D /* PBXContainerItemProxy */ = {
			isa = PBXContainerItemProxy;
			containerPortal = 2154025D2C82EEC50067CF8D /* Project object */;
			proxyType = 1;
			remoteGlobalIDString = 215402642C82EEC50067CF8D;
			remoteInfo = TodoList;
		};
/* End PBXContainerItemProxy section */

/* Begin PBXFileReference section */
		215402652C82EEC50067CF8D /* TodoList.app */ = {isa = PBXFileReference; explicitFileType = wrapper.application; includeInIndex = 0; path = TodoList.app; sourceTree = BUILT_PRODUCTS_DIR; };
		215402682C82EEC50067CF8D /* TodoListApp.swift */ = {isa = PBXFileReference; lastKnownFileType = sourcecode.swift; path = TodoListApp.swift; sourceTree = "<group>"; };
		2154026A2C82EEC50067CF8D /* ContentView.swift */ = {isa = PBXFileReference; lastKnownFileType = sourcecode.swift; path = ContentView.swift; sourceTree = "<group>"; };
		2154026C2C82EEC50067CF8D /* Item.swift */ = {isa = PBXFileReference; lastKnownFileType = sourcecode.swift; path = Item.swift; sourceTree = "<group>"; };
		2154026E2C82EEC60067CF8D /* Assets.xcassets */ = {isa = PBXFileReference; lastKnownFileType = folder.assetcatalog; path = Assets.xcassets; sourceTree = "<group>"; };
		215402712C82EEC60067CF8D /* Preview Assets.xcassets */ = {isa = PBXFileReference; lastKnownFileType = folder.assetcatalog; path = "Preview Assets.xcassets"; sourceTree = "<group>"; };
		215402772C82EEC60067CF8D /* TodoListTests.xctest */ = {isa = PBXFileReference; explicitFileType = wrapper.cfbundle; includeInIndex = 0; path = TodoListTests.xctest; sourceTree = BUILT_PRODUCTS_DIR; };
		2154027B2C82EEC60067CF8D /* TodoListTests.swift */ = {isa = PBXFileReference; lastKnownFileType = sourcecode.swift; path = TodoListTests.swift; sourceTree = "<group>"; };
		215402812C82EEC60067CF8D /* TodoListUITests.xctest */ = {isa = PBXFileReference; explicitFileType = wrapper.cfbundle; includeInIndex = 0; path = TodoListUITests.xctest; sourceTree = BUILT_PRODUCTS_DIR; };
		215402852C82EEC60067CF8D /* TodoListUITests.swift */ = {isa = PBXFileReference; lastKnownFileType = sourcecode.swift; path = TodoListUITests.swift; sourceTree = "<group>"; };
		215402872C82EEC60067CF8D /* TodoListUITestsLaunchTests.swift */ = {isa = PBXFileReference; lastKnownFileType = sourcecode.swift; path = TodoListUITestsLaunchTests.swift; sourceTree = "<group>"; };
		215402952C82EFBF0067CF8D /* TodoDetailView.swift */ = {isa = PBXFileReference; lastKnownFileType = sourcecode.swift; path = TodoDetailView.swift; sourceTree = "<group>"; };
		215402972C82EFD20067CF8D /* TodoFormView.swift */ = {isa = PBXFileReference; lastKnownFileType = sourcecode.swift; path = TodoFormView.swift; sourceTree = "<group>"; };
		215402992C82EFDF0067CF8D /* TodoItemView.swift */ = {isa = PBXFileReference; lastKnownFileType = sourcecode.swift; path = TodoItemView.swift; sourceTree = "<group>"; };
		2154029B2C82EFF50067CF8D /* TodoListView.swift */ = {isa = PBXFileReference; lastKnownFileType = sourcecode.swift; path = TodoListView.swift; sourceTree = "<group>"; };
		2154029E2C82F0150067CF8D /* TodoItem.swift */ = {isa = PBXFileReference; lastKnownFileType = sourcecode.swift; path = TodoItem.swift; sourceTree = "<group>"; };
/* End PBXFileReference section */

/* Begin PBXFrameworksBuildPhase section */
		215402622C82EEC50067CF8D /* Frameworks */ = {
			isa = PBXFrameworksBuildPhase;
			buildActionMask = 2147483647;
			files = (
			);
			runOnlyForDeploymentPostprocessing = 0;
		};
		215402742C82EEC60067CF8D /* Frameworks */ = {
			isa = PBXFrameworksBuildPhase;
			buildActionMask = 2147483647;
			files = (
			);
			runOnlyForDeploymentPostprocessing = 0;
		};
		2154027E2C82EEC60067CF8D /* Frameworks */ = {
			isa = PBXFrameworksBuildPhase;
			buildActionMask = 2147483647;
			files = (
			);
			runOnlyForDeploymentPostprocessing = 0;
		};
/* End PBXFrameworksBuildPhase section */

/* Begin PBXGroup section */
		2154025C2C82EEC50067CF8D = {
			isa = PBXGroup;
			children = (
				215402672C82EEC50067CF8D /* TodoList */,
				2154027A2C82EEC60067CF8D /* TodoListTests */,
				215402842C82EEC60067CF8D /* TodoListUITests */,
				215402662C82EEC50067CF8D /* Products */,
			);
			sourceTree = "<group>";
		};
		215402662C82EEC50067CF8D /* Products */ = {
			isa = PBXGroup;
			children = (
				215402652C82EEC50067CF8D /* TodoList.app */,
				215402772C82EEC60067CF8D /* TodoListTests.xctest */,
				215402812C82EEC60067CF8D /* TodoListUITests.xctest */,
			);
			name = Products;
			sourceTree = "<group>";
		};
		215402672C82EEC50067CF8D /* TodoList */ = {
			isa = PBXGroup;
			children = (
				2154029D2C82F0050067CF8D /* Models */,
				215402942C82EEE40067CF8D /* Views */,
				215402682C82EEC50067CF8D /* TodoListApp.swift */,
				2154026A2C82EEC50067CF8D /* ContentView.swift */,
				2154026C2C82EEC50067CF8D /* Item.swift */,
				2154026E2C82EEC60067CF8D /* Assets.xcassets */,
				215402702C82EEC60067CF8D /* Preview Content */,
			);
			path = TodoList;
			sourceTree = "<group>";
		};
		215402702C82EEC60067CF8D /* Preview Content */ = {
			isa = PBXGroup;
			children = (
				215402712C82EEC60067CF8D /* Preview Assets.xcassets */,
			);
			path = "Preview Content";
			sourceTree = "<group>";
		};
		2154027A2C82EEC60067CF8D /* TodoListTests */ = {
			isa = PBXGroup;
			children = (
				2154027B2C82EEC60067CF8D /* TodoListTests.swift */,
			);
			path = TodoListTests;
			sourceTree = "<group>";
		};
		215402842C82EEC60067CF8D /* TodoListUITests */ = {
			isa = PBXGroup;
			children = (
				215402852C82EEC60067CF8D /* TodoListUITests.swift */,
				215402872C82EEC60067CF8D /* TodoListUITestsLaunchTests.swift */,
			);
			path = TodoListUITests;
			sourceTree = "<group>";
		};
		215402942C82EEE40067CF8D /* Views */ = {
			isa = PBXGroup;
			children = (
				215402952C82EFBF0067CF8D /* TodoDetailView.swift */,
				215402972C82EFD20067CF8D /* TodoFormView.swift */,
				215402992C82EFDF0067CF8D /* TodoItemView.swift */,
				2154029B2C82EFF50067CF8D /* TodoListView.swift */,
			);
			path = Views;
			sourceTree = "<group>";
		};
		2154029D2C82F0050067CF8D /* Models */ = {
			isa = PBXGroup;
			children = (
				2154029E2C82F0150067CF8D /* TodoItem.swift */,
			);
			path = Models;
			sourceTree = "<group>";
		};
/* End PBXGroup section */

/* Begin PBXNativeTarget section */
		215402642C82EEC50067CF8D /* TodoList */ = {
			isa = PBXNativeTarget;
			buildConfigurationList = 2154028B2C82EEC60067CF8D /* Build configuration list for PBXNativeTarget "TodoList" */;
			buildPhases = (
				215402612C82EEC50067CF8D /* Sources */,
				215402622C82EEC50067CF8D /* Frameworks */,
				215402632C82EEC50067CF8D /* Resources */,
			);
			buildRules = (
			);
			dependencies = (
			);
			name = TodoList;
			productName = TodoList;
			productReference = 215402652C82EEC50067CF8D /* TodoList.app */;
			productType = "com.apple.product-type.application";
		};
		215402762C82EEC60067CF8D /* TodoListTests */ = {
			isa = PBXNativeTarget;
			buildConfigurationList = 2154028E2C82EEC60067CF8D /* Build configuration list for PBXNativeTarget "TodoListTests" */;
			buildPhases = (
				215402732C82EEC60067CF8D /* Sources */,
				215402742C82EEC60067CF8D /* Frameworks */,
				215402752C82EEC60067CF8D /* Resources */,
			);
			buildRules = (
			);
			dependencies = (
				215402792C82EEC60067CF8D /* PBXTargetDependency */,
			);
			name = TodoListTests;
			productName = TodoListTests;
			productReference = 215402772C82EEC60067CF8D /* TodoListTests.xctest */;
			productType = "com.apple.product-type.bundle.unit-test";
		};
		215402802C82EEC60067CF8D /* TodoListUITests */ = {
			isa = PBXNativeTarget;
			buildConfigurationList = 215402912C82EEC60067CF8D /* Build configuration list for PBXNativeTarget "TodoListUITests" */;
			buildPhases = (
				2154027D2C82EEC60067CF8D /* Sources */,
				2154027E2C82EEC60067CF8D /* Frameworks */,
				2154027F2C82EEC60067CF8D /* Resources */,
			);
			buildRules = (
			);
			dependencies = (
				215402832C82EEC60067CF8D /* PBXTargetDependency */,
			);
			name = TodoListUITests;
			productName = TodoListUITests;
			productReference = 215402812C82EEC60067CF8D /* TodoListUITests.xctest */;
			productType = "com.apple.product-type.bundle.ui-testing";
		};
/* End PBXNativeTarget section */

/* Begin PBXProject section */
		2154025D2C82EEC50067CF8D /* Project object */ = {
			isa = PBXProject;
			attributes = {
				BuildIndependentTargetsInParallel = 1;
				LastSwiftUpdateCheck = 1540;
				LastUpgradeCheck = 1540;
				TargetAttributes = {
					215402642C82EEC50067CF8D = {
						CreatedOnToolsVersion = 15.4;
					};
					215402762C82EEC60067CF8D = {
						CreatedOnToolsVersion = 15.4;
						TestTargetID = 215402642C82EEC50067CF8D;
					};
					215402802C82EEC60067CF8D = {
						CreatedOnToolsVersion = 15.4;
						TestTargetID = 215402642C82EEC50067CF8D;
					};
				};
			};
			buildConfigurationList = 215402602C82EEC50067CF8D /* Build configuration list for PBXProject "TodoList" */;
			compatibilityVersion = "Xcode 14.0";
			developmentRegion = en;
			hasScannedForEncodings = 0;
			knownRegions = (
				en,
				Base,
			);
			mainGroup = 2154025C2C82EEC50067CF8D;
			productRefGroup = 215402662C82EEC50067CF8D /* Products */;
			projectDirPath = "";
			projectRoot = "";
			targets = (
				215402642C82EEC50067CF8D /* TodoList */,
				215402762C82EEC60067CF8D /* TodoListTests */,
				215402802C82EEC60067CF8D /* TodoListUITests */,
			);
		};
/* End PBXProject section */

/* Begin PBXResourcesBuildPhase section */
		215402632C82EEC50067CF8D /* Resources */ = {
			isa = PBXResourcesBuildPhase;
			buildActionMask = 2147483647;
			files = (
				215402722C82EEC60067CF8D /* Preview Assets.xcassets in Resources */,
				2154026F2C82EEC60067CF8D /* Assets.xcassets in Resources */,
			);
			runOnlyForDeploymentPostprocessing = 0;
		};
		215402752C82EEC60067CF8D /* Resources */ = {
			isa = PBXResourcesBuildPhase;
			buildActionMask = 2147483647;
			files = (
			);
			runOnlyForDeploymentPostprocessing = 0;
		};
		2154027F2C82EEC60067CF8D /* Resources */ = {
			isa = PBXResourcesBuildPhase;
			buildActionMask = 2147483647;
			files = (
			);
			runOnlyForDeploymentPostprocessing = 0;
		};
/* End PBXResourcesBuildPhase section */

/* Begin PBXSourcesBuildPhase section */
		215402612C82EEC50067CF8D /* Sources */ = {
			isa = PBXSourcesBuildPhase;
			buildActionMask = 2147483647;
			files = (
				2154026B2C82EEC50067CF8D /* ContentView.swift in Sources */,
				215402982C82EFD20067CF8D /* TodoFormView.swift in Sources */,
				2154026D2C82EEC50067CF8D /* Item.swift in Sources */,
				215402692C82EEC50067CF8D /* TodoListApp.swift in Sources */,
				2154029C2C82EFF50067CF8D /* TodoListView.swift in Sources */,
				215402962C82EFBF0067CF8D /* TodoDetailView.swift in Sources */,
				2154029F2C82F0150067CF8D /* TodoItem.swift in Sources */,
				2154029A2C82EFDF0067CF8D /* TodoItemView.swift in Sources */,
			);
			runOnlyForDeploymentPostprocessing = 0;
		};
		215402732C82EEC60067CF8D /* Sources */ = {
			isa = PBXSourcesBuildPhase;
			buildActionMask = 2147483647;
			files = (
				2154027C2C82EEC60067CF8D /* TodoListTests.swift in Sources */,
			);
			runOnlyForDeploymentPostprocessing = 0;
		};
		2154027D2C82EEC60067CF8D /* Sources */ = {
			isa = PBXSourcesBuildPhase;
			buildActionMask = 2147483647;
			files = (
				215402882C82EEC60067CF8D /* TodoListUITestsLaunchTests.swift in Sources */,
				215402862C82EEC60067CF8D /* TodoListUITests.swift in Sources */,
			);
			runOnlyForDeploymentPostprocessing = 0;
		};
/* End PBXSourcesBuildPhase section */

/* Begin PBXTargetDependency section */
		215402792C82EEC60067CF8D /* PBXTargetDependency */ = {
			isa = PBXTargetDependency;
			target = 215402642C82EEC50067CF8D /* TodoList */;
			targetProxy = 215402782C82EEC60067CF8D /* PBXContainerItemProxy */;
		};
		215402832C82EEC60067CF8D /* PBXTargetDependency */ = {
			isa = PBXTargetDependency;
			target = 215402642C82EEC50067CF8D /* TodoList */;
			targetProxy = 215402822C82EEC60067CF8D /* PBXContainerItemProxy */;
		};
/* End PBXTargetDependency section */

/* Begin XCBuildConfiguration section */
		215402892C82EEC60067CF8D /* Debug */ = {
			isa = XCBuildConfiguration;
			buildSettings = {
				ALWAYS_SEARCH_USER_PATHS = NO;
				ASSETCATALOG_COMPILER_GENERATE_SWIFT_ASSET_SYMBOL_EXTENSIONS = YES;
				CLANG_ANALYZER_NONNULL = YES;
				CLANG_ANALYZER_NUMBER_OBJECT_CONVERSION = YES_AGGRESSIVE;
				CLANG_CXX_LANGUAGE_STANDARD = "gnu++20";
				CLANG_ENABLE_MODULES = YES;
				CLANG_ENABLE_OBJC_ARC = YES;
				CLANG_ENABLE_OBJC_WEAK = YES;
				CLANG_WARN_BLOCK_CAPTURE_AUTORELEASING = YES;
				CLANG_WARN_BOOL_CONVERSION = YES;
				CLANG_WARN_COMMA = YES;
				CLANG_WARN_CONSTANT_CONVERSION = YES;
				CLANG_WARN_DEPRECATED_OBJC_IMPLEMENTATIONS = YES;
				CLANG_WARN_DIRECT_OBJC_ISA_USAGE = YES_ERROR;
				CLANG_WARN_DOCUMENTATION_COMMENTS = YES;
				CLANG_WARN_EMPTY_BODY = YES;
				CLANG_WARN_ENUM_CONVERSION = YES;
				CLANG_WARN_INFINITE_RECURSION = YES;
				CLANG_WARN_INT_CONVERSION = YES;
				CLANG_WARN_NON_LITERAL_NULL_CONVERSION = YES;
				CLANG_WARN_OBJC_IMPLICIT_RETAIN_SELF = YES;
				CLANG_WARN_OBJC_LITERAL_CONVERSION = YES;
				CLANG_WARN_OBJC_ROOT_CLASS = YES_ERROR;
				CLANG_WARN_QUOTED_INCLUDE_IN_FRAMEWORK_HEADER = YES;
				CLANG_WARN_RANGE_LOOP_ANALYSIS = YES;
				CLANG_WARN_STRICT_PROTOTYPES = YES;
				CLANG_WARN_SUSPICIOUS_MOVE = YES;
				CLANG_WARN_UNGUARDED_AVAILABILITY = YES_AGGRESSIVE;
				CLANG_WARN_UNREACHABLE_CODE = YES;
				CLANG_WARN__DUPLICATE_METHOD_MATCH = YES;
				COPY_PHASE_STRIP = NO;
				DEBUG_INFORMATION_FORMAT = dwarf;
				ENABLE_STRICT_OBJC_MSGSEND = YES;
				ENABLE_TESTABILITY = YES;
				ENABLE_USER_SCRIPT_SANDBOXING = YES;
				GCC_C_LANGUAGE_STANDARD = gnu17;
				GCC_DYNAMIC_NO_PIC = NO;
				GCC_NO_COMMON_BLOCKS = YES;
				GCC_OPTIMIZATION_LEVEL = 0;
				GCC_PREPROCESSOR_DEFINITIONS = (
					"DEBUG=1",
					"$(inherited)",
				);
				GCC_WARN_64_TO_32_BIT_CONVERSION = YES;
				GCC_WARN_ABOUT_RETURN_TYPE = YES_ERROR;
				GCC_WARN_UNDECLARED_SELECTOR = YES;
				GCC_WARN_UNINITIALIZED_AUTOS = YES_AGGRESSIVE;
				GCC_WARN_UNUSED_FUNCTION = YES;
				GCC_WARN_UNUSED_VARIABLE = YES;
				IPHONEOS_DEPLOYMENT_TARGET = 17.5;
				LOCALIZATION_PREFERS_STRING_CATALOGS = YES;
				MTL_ENABLE_DEBUG_INFO = INCLUDE_SOURCE;
				MTL_FAST_MATH = YES;
				ONLY_ACTIVE_ARCH = YES;
				SDKROOT = iphoneos;
				SWIFT_ACTIVE_COMPILATION_CONDITIONS = "DEBUG $(inherited)";
				SWIFT_OPTIMIZATION_LEVEL = "-Onone";
			};
			name = Debug;
		};
		2154028A2C82EEC60067CF8D /* Release */ = {
			isa = XCBuildConfiguration;
			buildSettings = {
				ALWAYS_SEARCH_USER_PATHS = NO;
				ASSETCATALOG_COMPILER_GENERATE_SWIFT_ASSET_SYMBOL_EXTENSIONS = YES;
				CLANG_ANALYZER_NONNULL = YES;
				CLANG_ANALYZER_NUMBER_OBJECT_CONVERSION = YES_AGGRESSIVE;
				CLANG_CXX_LANGUAGE_STANDARD = "gnu++20";
				CLANG_ENABLE_MODULES = YES;
				CLANG_ENABLE_OBJC_ARC = YES;
				CLANG_ENABLE_OBJC_WEAK = YES;
				CLANG_WARN_BLOCK_CAPTURE_AUTORELEASING = YES;
				CLANG_WARN_BOOL_CONVERSION = YES;
				CLANG_WARN_COMMA = YES;
				CLANG_WARN_CONSTANT_CONVERSION = YES;
				CLANG_WARN_DEPRECATED_OBJC_IMPLEMENTATIONS = YES;
				CLANG_WARN_DIRECT_OBJC_ISA_USAGE = YES_ERROR;
				CLANG_WARN_DOCUMENTATION_COMMENTS = YES;
				CLANG_WARN_EMPTY_BODY = YES;
				CLANG_WARN_ENUM_CONVERSION = YES;
				CLANG_WARN_INFINITE_RECURSION = YES;
				CLANG_WARN_INT_CONVERSION = YES;
				CLANG_WARN_NON_LITERAL_NULL_CONVERSION = YES;
				CLANG_WARN_OBJC_IMPLICIT_RETAIN_SELF = YES;
				CLANG_WARN_OBJC_LITERAL_CONVERSION = YES;
				CLANG_WARN_OBJC_ROOT_CLASS = YES_ERROR;
				CLANG_WARN_QUOTED_INCLUDE_IN_FRAMEWORK_HEADER = YES;
				CLANG_WARN_RANGE_LOOP_ANALYSIS = YES;
				CLANG_WARN_STRICT_PROTOTYPES = YES;
				CLANG_WARN_SUSPICIOUS_MOVE = YES;
				CLANG_WARN_UNGUARDED_AVAILABILITY = YES_AGGRESSIVE;
				CLANG_WARN_UNREACHABLE_CODE = YES;
				CLANG_WARN__DUPLICATE_METHOD_MATCH = YES;
				COPY_PHASE_STRIP = NO;
				DEBUG_INFORMATION_FORMAT = "dwarf-with-dsym";
				ENABLE_NS_ASSERTIONS = NO;
				ENABLE_STRICT_OBJC_MSGSEND = YES;
				ENABLE_USER_SCRIPT_SANDBOXING = YES;
				GCC_C_LANGUAGE_STANDARD = gnu17;
				GCC_NO_COMMON_BLOCKS = YES;
				GCC_WARN_64_TO_32_BIT_CONVERSION = YES;
				GCC_WARN_ABOUT_RETURN_TYPE = YES_ERROR;
				GCC_WARN_UNDECLARED_SELECTOR = YES;
				GCC_WARN_UNINITIALIZED_AUTOS = YES_AGGRESSIVE;
				GCC_WARN_UNUSED_FUNCTION = YES;
				GCC_WARN_UNUSED_VARIABLE = YES;
				IPHONEOS_DEPLOYMENT_TARGET = 17.5;
				LOCALIZATION_PREFERS_STRING_CATALOGS = YES;
				MTL_ENABLE_DEBUG_INFO = NO;
				MTL_FAST_MATH = YES;
				SDKROOT = iphoneos;
				SWIFT_COMPILATION_MODE = wholemodule;
				VALIDATE_PRODUCT = YES;
			};
			name = Release;
		};
		2154028C2C82EEC60067CF8D /* Debug */ = {
			isa = XCBuildConfiguration;
			buildSettings = {
				ASSETCATALOG_COMPILER_APPICON_NAME = AppIcon;
				ASSETCATALOG_COMPILER_GLOBAL_ACCENT_COLOR_NAME = AccentColor;
				CODE_SIGN_STYLE = Automatic;
				CURRENT_PROJECT_VERSION = 1;
				DEVELOPMENT_ASSET_PATHS = "\"TodoList/Preview Content\"";
				ENABLE_PREVIEWS = YES;
				GENERATE_INFOPLIST_FILE = YES;
				INFOPLIST_KEY_UIApplicationSceneManifest_Generation = YES;
				INFOPLIST_KEY_UIApplicationSupportsIndirectInputEvents = YES;
				INFOPLIST_KEY_UILaunchScreen_Generation = YES;
				INFOPLIST_KEY_UISupportedInterfaceOrientations_iPad = "UIInterfaceOrientationPortrait UIInterfaceOrientationPortraitUpsideDown UIInterfaceOrientationLandscapeLeft UIInterfaceOrientationLandscapeRight";
				INFOPLIST_KEY_UISupportedInterfaceOrientations_iPhone = "UIInterfaceOrientationPortrait UIInterfaceOrientationLandscapeLeft UIInterfaceOrientationLandscapeRight";
				LD_RUNPATH_SEARCH_PATHS = (
					"$(inherited)",
					"@executable_path/Frameworks",
				);
				MARKETING_VERSION = 1.0;
				PRODUCT_BUNDLE_IDENTIFIER = trainingswift.TodoList;
				PRODUCT_NAME = "$(TARGET_NAME)";
				SWIFT_EMIT_LOC_STRINGS = YES;
				SWIFT_VERSION = 5.0;
				TARGETED_DEVICE_FAMILY = "1,2";
			};
			name = Debug;
		};
		2154028D2C82EEC60067CF8D /* Release */ = {
			isa = XCBuildConfiguration;
			buildSettings = {
				ASSETCATALOG_COMPILER_APPICON_NAME = AppIcon;
				ASSETCATALOG_COMPILER_GLOBAL_ACCENT_COLOR_NAME = AccentColor;
				CODE_SIGN_STYLE = Automatic;
				CURRENT_PROJECT_VERSION = 1;
				DEVELOPMENT_ASSET_PATHS = "\"TodoList/Preview Content\"";
				ENABLE_PREVIEWS = YES;
				GENERATE_INFOPLIST_FILE = YES;
				INFOPLIST_KEY_UIApplicationSceneManifest_Generation = YES;
				INFOPLIST_KEY_UIApplicationSupportsIndirectInputEvents = YES;
				INFOPLIST_KEY_UILaunchScreen_Generation = YES;
				INFOPLIST_KEY_UISupportedInterfaceOrientations_iPad = "UIInterfaceOrientationPortrait UIInterfaceOrientationPortraitUpsideDown UIInterfaceOrientationLandscapeLeft UIInterfaceOrientationLandscapeRight";
				INFOPLIST_KEY_UISupportedInterfaceOrientations_iPhone = "UIInterfaceOrientationPortrait UIInterfaceOrientationLandscapeLeft UIInterfaceOrientationLandscapeRight";
				LD_RUNPATH_SEARCH_PATHS = (
					"$(inherited)",
					"@executable_path/Frameworks",
				);
				MARKETING_VERSION = 1.0;
				PRODUCT_BUNDLE_IDENTIFIER = trainingswift.TodoList;
				PRODUCT_NAME = "$(TARGET_NAME)";
				SWIFT_EMIT_LOC_STRINGS = YES;
				SWIFT_VERSION = 5.0;
				TARGETED_DEVICE_FAMILY = "1,2";
			};
			name = Release;
		};
		2154028F2C82EEC60067CF8D /* Debug */ = {
			isa = XCBuildConfiguration;
			buildSettings = {
				ALWAYS_EMBED_SWIFT_STANDARD_LIBRARIES = YES;
				BUNDLE_LOADER = "$(TEST_HOST)";
				CODE_SIGN_STYLE = Automatic;
				CURRENT_PROJECT_VERSION = 1;
				GENERATE_INFOPLIST_FILE = YES;
				IPHONEOS_DEPLOYMENT_TARGET = 17.5;
				MARKETING_VERSION = 1.0;
				PRODUCT_BUNDLE_IDENTIFIER = trainingswift.TodoListTests;
				PRODUCT_NAME = "$(TARGET_NAME)";
				SWIFT_EMIT_LOC_STRINGS = NO;
				SWIFT_VERSION = 5.0;
				TARGETED_DEVICE_FAMILY = "1,2";
				TEST_HOST = "$(BUILT_PRODUCTS_DIR)/TodoList.app/$(BUNDLE_EXECUTABLE_FOLDER_PATH)/TodoList";
			};
			name = Debug;
		};
		215402902C82EEC60067CF8D /* Release */ = {
			isa = XCBuildConfiguration;
			buildSettings = {
				ALWAYS_EMBED_SWIFT_STANDARD_LIBRARIES = YES;
				BUNDLE_LOADER = "$(TEST_HOST)";
				CODE_SIGN_STYLE = Automatic;
				CURRENT_PROJECT_VERSION = 1;
				GENERATE_INFOPLIST_FILE = YES;
				IPHONEOS_DEPLOYMENT_TARGET = 17.5;
				MARKETING_VERSION = 1.0;
				PRODUCT_BUNDLE_IDENTIFIER = trainingswift.TodoListTests;
				PRODUCT_NAME = "$(TARGET_NAME)";
				SWIFT_EMIT_LOC_STRINGS = NO;
				SWIFT_VERSION = 5.0;
				TARGETED_DEVICE_FAMILY = "1,2";
				TEST_HOST = "$(BUILT_PRODUCTS_DIR)/TodoList.app/$(BUNDLE_EXECUTABLE_FOLDER_PATH)/TodoList";
			};
			name = Release;
		};
		215402922C82EEC60067CF8D /* Debug */ = {
			isa = XCBuildConfiguration;
			buildSettings = {
				ALWAYS_EMBED_SWIFT_STANDARD_LIBRARIES = YES;
				CODE_SIGN_STYLE = Automatic;
				CURRENT_PROJECT_VERSION = 1;
				GENERATE_INFOPLIST_FILE = YES;
				MARKETING_VERSION = 1.0;
				PRODUCT_BUNDLE_IDENTIFIER = trainingswift.TodoListUITests;
				PRODUCT_NAME = "$(TARGET_NAME)";
				SWIFT_EMIT_LOC_STRINGS = NO;
				SWIFT_VERSION = 5.0;
				TARGETED_DEVICE_FAMILY = "1,2";
				TEST_TARGET_NAME = TodoList;
			};
			name = Debug;
		};
		215402932C82EEC60067CF8D /* Release */ = {
			isa = XCBuildConfiguration;
			buildSettings = {
				ALWAYS_EMBED_SWIFT_STANDARD_LIBRARIES = YES;
				CODE_SIGN_STYLE = Automatic;
				CURRENT_PROJECT_VERSION = 1;
				GENERATE_INFOPLIST_FILE = YES;
				MARKETING_VERSION = 1.0;
				PRODUCT_BUNDLE_IDENTIFIER = trainingswift.TodoListUITests;
				PRODUCT_NAME = "$(TARGET_NAME)";
				SWIFT_EMIT_LOC_STRINGS = NO;
				SWIFT_VERSION = 5.0;
				TARGETED_DEVICE_FAMILY = "1,2";
				TEST_TARGET_NAME = TodoList;
			};
			name = Release;
		};
/* End XCBuildConfiguration section */

/* Begin XCConfigurationList section */
		215402602C82EEC50067CF8D /* Build configuration list for PBXProject "TodoList" */ = {
			isa = XCConfigurationList;
			buildConfigurations = (
				215402892C82EEC60067CF8D /* Debug */,
				2154028A2C82EEC60067CF8D /* Release */,
			);
			defaultConfigurationIsVisible = 0;
			defaultConfigurationName = Release;
		};
		2154028B2C82EEC60067CF8D /* Build configuration list for PBXNativeTarget "TodoList" */ = {
			isa = XCConfigurationList;
			buildConfigurations = (
				2154028C2C82EEC60067CF8D /* Debug */,
				2154028D2C82EEC60067CF8D /* Release */,
			);
			defaultConfigurationIsVisible = 0;
			defaultConfigurationName = Release;
		};
		2154028E2C82EEC60067CF8D /* Build configuration list for PBXNativeTarget "TodoListTests" */ = {
			isa = XCConfigurationList;
			buildConfigurations = (
				2154028F2C82EEC60067CF8D /* Debug */,
				215402902C82EEC60067CF8D /* Release */,
			);
			defaultConfigurationIsVisible = 0;
			defaultConfigurationName = Release;
		};
		215402912C82EEC60067CF8D /* Build configuration list for PBXNativeTarget "TodoListUITests" */ = {
			isa = XCConfigurationList;
			buildConfigurations = (
				215402922C82EEC60067CF8D /* Debug */,
				215402932C82EEC60067CF8D /* Release */,
			);
			defaultConfigurationIsVisible = 0;
			defaultConfigurationName = Release;
		};
/* End XCConfigurationList section */
	};
	rootObject = 2154025D2C82EEC50067CF8D /* Project object */;
}
